
Microsoft Visual Studio Solution File, Format Version 12.00
# Visual Studio Version 16
VisualStudioVersion = 16.0.30204.135
MinimumVisualStudioVersion = 10.0.40219.1
Project("{9A19103F-16F7-4668-BE54-9A1E7A4F7556}") = "CosmosApi", "CosmosApi\CosmosApi.csproj", "{092A837C-B6E8-460C-AC35-98A76ACF4110}"
EndProject
Global
	GlobalSection(SolutionConfigurationPlatforms) = preSolution
		Debug|Any CPU = Debug|Any CPU
		Release|Any CPU = Release|Any CPU
	EndGlobalSection
	GlobalSection(ProjectConfigurationPlatforms) = postSolution
		{092A837C-B6E8-460C-AC35-98A76ACF4110}.Debug|Any CPU.ActiveCfg = Debug|Any CPU
		{092A837C-B6E8-460C-AC35-98A76ACF4110}.Debug|Any CPU.Build.0 = Debug|Any CPU
		{092A837C-B6E8-460C-AC35-98A76ACF4110}.Release|Any CPU.ActiveCfg = Release|Any CPU
		{092A837C-B6E8-460C-AC35-98A76ACF4110}.Release|Any CPU.Build.0 = Release|Any CPU
		{FD3AC1EE-F342-41AD-867A-1C828022C699}.Debug|Any CPU.ActiveCfg = Debug|Any CPU
		{FD3AC1EE-F342-41AD-867A-1C828022C699}.Debug|Any CPU.Build.0 = Debug|Any CPU
		{FD3AC1EE-F342-41AD-867A-1C828022C699}.Release|Any CPU.ActiveCfg = Release|Any CPU
		{FD3AC1EE-F342-41AD-867A-1C828022C699}.Release|Any CPU.Build.0 = Release|Any CPU
	EndGlobalSection
	GlobalSection(SolutionProperties) = preSolution
		HideSolutionNode = FALSE
	EndGlobalSection
	GlobalSection(ExtensibilityGlobals) = postSolution
		SolutionGuid = {3598AA89-946A-4FF2-BF22-443B3A1B5A93}
	EndGlobalSection
EndGlobal
